
Microsoft Visual Studio Solution File, Format Version 10.00
# Visual Studio 2008
Project("{8BC9CEB8-8B4A-11D0-8D11-00A0C91BC942}") = "OfficeOperation", "OfficeOperation\OfficeOperation.vcproj", "{D2EC4CB9-71AD-4F52-9A94-529F3194BC70}"
EndProject
Global
	GlobalSection(SolutionConfigurationPlatforms) = preSolution
		Debug|Win32 = Debug|Win32
		Release|Win32 = Release|Win32
		UNICODE Debug|Win32 = UNICODE Debug|Win32
		UNICODE Release|Win32 = UNICODE Release|Win32
	EndGlobalSection
	GlobalSection(ProjectConfigurationPlatforms) = postSolution
		{D2EC4CB9-71AD-4F52-9A94-529F3194BC70}.Debug|Win32.ActiveCfg = Debug|Win32
		{D2EC4CB9-71AD-4F52-9A94-529F3194BC70}.Debug|Win32.Build.0 = Debug|Win32
		{D2EC4CB9-71AD-4F52-9A94-529F3194BC70}.Release|Win32.ActiveCfg = Release|Win32
		{D2EC4CB9-71AD-4F52-9A94-529F3194BC70}.Release|Win32.Build.0 = Release|Win32
		{D2EC4CB9-71AD-4F52-9A94-529F3194BC70}.UNICODE Debug|Win32.ActiveCfg = UNICODE Debug|Win32
		{D2EC4CB9-71AD-4F52-9A94-529F3194BC70}.UNICODE Debug|Win32.Build.0 = UNICODE Debug|Win32
		{D2EC4CB9-71AD-4F52-9A94-529F3194BC70}.UNICODE Release|Win32.ActiveCfg = UNICODE Release|Win32
		{D2EC4CB9-71AD-4F52-9A94-529F3194BC70}.UNICODE Release|Win32.Build.0 = UNICODE Release|Win32
	EndGlobalSection
	GlobalSection(SolutionProperties) = preSolution
		HideSolutionNode = FALSE
	EndGlobalSection
EndGlobal
